
Microsoft Visual Studio Solution File, Format Version 12.00
# Visual Studio Version 17
VisualStudioVersion = 17.3.32929.385
MinimumVisualStudioVersion = 10.0.40219.1
Project("{2150E333-8FDC-42A3-9474-1A3956D46DE8}") = "src", "src", "{0D17F210-7B5E-4DD5-B650-95501F1866C9}"
EndProject
Project("{9A19103F-16F7-4668-BE54-9A1E7A4F7556}") = "Marquitos.Schedulers", "src\Marquitos.Schedulers\Marquitos.Schedulers.csproj", "{32184DF0-C16D-4BB3-A03B-B5F90AAC7C37}"
EndProject
Project("{2150E333-8FDC-42A3-9474-1A3956D46DE8}") = "test", "test", "{EE150F3A-A163-4A1F-BD09-9FB34969C84E}"
EndProject
Project("{FAE04EC0-301F-11D3-BF4B-00C04F79EFBC}") = "Marquitos.Test.API", "test\Marquitos.Test.API\Marquitos.Test.API.csproj", "{07B5955E-E385-41EA-970C-A270F3C2F14F}"
EndProject
Global
	GlobalSection(SolutionConfigurationPlatforms) = preSolution
		Debug|Any CPU = Debug|Any CPU
		Release|Any CPU = Release|Any CPU
	EndGlobalSection
	GlobalSection(ProjectConfigurationPlatforms) = postSolution
		{32184DF0-C16D-4BB3-A03B-B5F90AAC7C37}.Debug|Any CPU.ActiveCfg = Debug|Any CPU
		{32184DF0-C16D-4BB3-A03B-B5F90AAC7C37}.Debug|Any CPU.Build.0 = Debug|Any CPU
		{32184DF0-C16D-4BB3-A03B-B5F90AAC7C37}.Release|Any CPU.ActiveCfg = Release|Any CPU
		{32184DF0-C16D-4BB3-A03B-B5F90AAC7C37}.Release|Any CPU.Build.0 = Release|Any CPU
		{07B5955E-E385-41EA-970C-A270F3C2F14F}.Debug|Any CPU.ActiveCfg = Debug|Any CPU
		{07B5955E-E385-41EA-970C-A270F3C2F14F}.Debug|Any CPU.Build.0 = Debug|Any CPU
		{07B5955E-E385-41EA-970C-A270F3C2F14F}.Release|Any CPU.ActiveCfg = Release|Any CPU
		{07B5955E-E385-41EA-970C-A270F3C2F14F}.Release|Any CPU.Build.0 = Release|Any CPU
	EndGlobalSection
	GlobalSection(SolutionProperties) = preSolution
		HideSolutionNode = FALSE
	EndGlobalSection
	GlobalSection(NestedProjects) = preSolution
		{32184DF0-C16D-4BB3-A03B-B5F90AAC7C37} = {0D17F210-7B5E-4DD5-B650-95501F1866C9}
		{07B5955E-E385-41EA-970C-A270F3C2F14F} = {EE150F3A-A163-4A1F-BD09-9FB34969C84E}
	EndGlobalSection
	GlobalSection(ExtensibilityGlobals) = postSolution
		SolutionGuid = {40061C77-E438-4E30-BEC2-4BB3017A7796}
	EndGlobalSection
EndGlobal
